# This file is autogenerated, do not edit; changes may be undone by the next 'dep ensure'.


[[projects]]
  digest = "1:2edd2416f89b4e841df0e4a78802ce14d2bc7ad79eba1a45986e39f0f8cb7d87"
  name = "github.com/golang/glog"
  packages = ["."]
  pruneopts = "UT"
  revision = "44145f04b68cf362d9c4df2182967c2275eaefed"

[[projects]]
  digest = "1:849cce4903b85c98c5c9da84f6ed5d376d83dfa039ad703c817eda691a765f40"
  name = "go.opencensus.io"
  packages = [
    "internal/tagencoding",
    "stats",
    "stats/internal",
    "stats/view",
    "tag",
  ]
  pruneopts = "UT"
  revision = "7b558058b7cc960667590e5413ef55157b06652e"
  version = "v0.15.0"

[[projects]]
  branch = "master"
  digest = "1:76ee51c3f468493aff39dbacc401e8831fbb765104cbf613b89bef01cf4bad70"
  name = "golang.org/x/net"
  packages = ["context"]
  pruneopts = "UT"
  revision = "aaf60122140d3fcf75376d319f0554393160eb50"

[[projects]]
  digest = "1:d37b0ef2944431fe9e8ef35c6fffc8990d9e2ca300588df94a6890f3649ae365"
  name = "golang.org/x/time"
  packages = ["rate"]
  pruneopts = "UT"
  revision = "f51c12702a4d776e4c1fa9b0fabab841babae631"

[[projects]]
  digest = "1:c9814ea18c8fa01b0865aa03965b4a1a701f44b8a5c520ec2585a71212026c6f"
  name = "k8s.io/apimachinery"
  packages = [
    "pkg/util/clock",
    "pkg/util/runtime",
  ]
  pruneopts = "UT"
  revision = "103fd098999dc9c0c88536f5c9ad2e5da39373ae"
  version = "kubernetes-1.11.0"

[[projects]]
  digest = "1:8d66fef1249b9b2105840377af3bab078604d3c298058f563685e88d2a9e6ad3"
  name = "k8s.io/client-go"
  packages = ["util/workqueue"]
  pruneopts = "UT"
  revision = "7d04d0e2a0a1a4d4a1cd6baa432a2301492e4e65"
  version = "v8.0.0"

[solve-meta]
  analyzer-name = "dep"
  analyzer-version = 1
  input-imports = [
    "go.opencensus.io/stats",
    "go.opencensus.io/stats/view",
    "go.opencensus.io/tag",
    "k8s.io/apimachinery/pkg/util/runtime",
    "k8s.io/client-go/util/workqueue",
  ]
  solver-name = "gps-cdcl"
  solver-version = 1
